PODS:
  - SDWebImage (5.15.0):
    - SDWebImage/Core (= 5.15.0)
  - SDWebImage/Core (5.15.0)

DEPENDENCIES:
  - SDWebImage

SPEC REPOS:
  trunk:
    - SDWebImage

SPEC CHECKSUMS:
  SDWebImage: 9bec4c5cdd9579e1f57104735ee0c37df274d593

PODFILE CHECKSUM: 2bdc60268292ba10d368b72e9f3a9856ea2b809e

COCOAPODS: 1.11.3
