// !$*UTF8*$!
{
	archiveVersion = 1;
	classes = {
	};
	objectVersion = 56;
	objects = {

/* Begin PBXBuildFile section */
		017443310F1EECF8A46E254C /* libPods-Forum.a in Frameworks */ = {isa = PBXBuildFile; fileRef = 70A601E91FF12C6ADE755E32 /* libPods-Forum.a */; };
		36131F97299DD07D002C1DF4 /* AppDelegate.swift in Sources */ = {isa = PBXBuildFile; fileRef = 36131F96299DD07D002C1DF4 /* AppDelegate.swift */; };
		36131F9B299DD07D002C1DF4 /* ListViewController.swift in Sources */ = {isa = PBXBuildFile; fileRef = 36131F9A299DD07D002C1DF4 /* ListViewController.swift */; };
		36131FA0299DD07E002C1DF4 /* Assets.xcassets in Resources */ = {isa = PBXBuildFile; fileRef = 36131F9F299DD07E002C1DF4 /* Assets.xcassets */; };
		36131FA3299DD07E002C1DF4 /* LaunchScreen.storyboard in Resources */ = {isa = PBXBuildFile; fileRef = 36131FA1299DD07E002C1DF4 /* LaunchScreen.storyboard */; };
		36131FAE299DD07E002C1DF4 /* ForumTests.swift in Sources */ = {isa = PBXBuildFile; fileRef = 36131FAD299DD07E002C1DF4 /* ForumTests.swift */; };
		36131FB8299DD07E002C1DF4 /* ForumUITests.swift in Sources */ = {isa = PBXBuildFile; fileRef = 36131FB7299DD07E002C1DF4 /* ForumUITests.swift */; };
		36131FBA299DD07E002C1DF4 /* ForumUITestsLaunchTests.swift in Sources */ = {isa = PBXBuildFile; fileRef = 36131FB9299DD07E002C1DF4 /* ForumUITestsLaunchTests.swift */; };
		36131FD1299DD0E6002C1DF4 /* Extension.swift in Sources */ = {isa = PBXBuildFile; fileRef = 36131FC6299DD0E6002C1DF4 /* Extension.swift */; };
		36131FD2299DD0E6002C1DF4 /* CollectionViewAdapter.swift in Sources */ = {isa = PBXBuildFile; fileRef = 36131FC7299DD0E6002C1DF4 /* CollectionViewAdapter.swift */; };
		36131FD3299DD0E6002C1DF4 /* KeyboardHelper.swift in Sources */ = {isa = PBXBuildFile; fileRef = 36131FC8299DD0E6002C1DF4 /* KeyboardHelper.swift */; };
		36131FD4299DD0E6002C1DF4 /* TableViewAdapter.swift in Sources */ = {isa = PBXBuildFile; fileRef = 36131FC9299DD0E6002C1DF4 /* TableViewAdapter.swift */; };
		36131FD5299DD0E6002C1DF4 /* APIService.swift in Sources */ = {isa = PBXBuildFile; fileRef = 36131FCA299DD0E6002C1DF4 /* APIService.swift */; };
		36131FD6299DD0E6002C1DF4 /* CellProtocol.swift in Sources */ = {isa = PBXBuildFile; fileRef = 36131FCB299DD0E6002C1DF4 /* CellProtocol.swift */; };
		36131FD7299DD0E6002C1DF4 /* JBJson.swift in Sources */ = {isa = PBXBuildFile; fileRef = 36131FCC299DD0E6002C1DF4 /* JBJson.swift */; };
		36131FD8299DD0E6002C1DF4 /* BaseCollectionViewController.swift in Sources */ = {isa = PBXBuildFile; fileRef = 36131FCD299DD0E6002C1DF4 /* BaseCollectionViewController.swift */; };
		36131FD9299DD0E6002C1DF4 /* BaseTableViewController.swift in Sources */ = {isa = PBXBuildFile; fileRef = 36131FCE299DD0E6002C1DF4 /* BaseTableViewController.swift */; };
		36131FDA299DD0E6002C1DF4 /* DeviceType.swift in Sources */ = {isa = PBXBuildFile; fileRef = 36131FCF299DD0E6002C1DF4 /* DeviceType.swift */; };
		36131FDB299DD0E6002C1DF4 /* BaseViewController.swift in Sources */ = {isa = PBXBuildFile; fileRef = 36131FD0299DD0E6002C1DF4 /* BaseViewController.swift */; };
		36131FE0299DD618002C1DF4 /* ListViewModel.swift in Sources */ = {isa = PBXBuildFile; fileRef = 36131FDF299DD618002C1DF4 /* ListViewModel.swift */; };
		36131FE3299DD660002C1DF4 /* NewsListModel.swift in Sources */ = {isa = PBXBuildFile; fileRef = 36131FE2299DD660002C1DF4 /* NewsListModel.swift */; };
		36131FE6299DD6B5002C1DF4 /* NewsCell.swift in Sources */ = {isa = PBXBuildFile; fileRef = 36131FE5299DD6B5002C1DF4 /* NewsCell.swift */; };
		36131FE8299DD70C002C1DF4 /* NewsCell.xib in Resources */ = {isa = PBXBuildFile; fileRef = 36131FE7299DD70C002C1DF4 /* NewsCell.xib */; };
		36131FEC299DDD90002C1DF4 /* libSDWebImage.a in Frameworks */ = {isa = PBXBuildFile; fileRef = 36131FEB299DDD90002C1DF4 /* libSDWebImage.a */; };
		3613E6E2299E130D00955044 /* HeadCell.swift in Sources */ = {isa = PBXBuildFile; fileRef = 3613E6E1299E130D00955044 /* HeadCell.swift */; };
		3613E6E4299E148200955044 /* HeadCell.xib in Resources */ = {isa = PBXBuildFile; fileRef = 3613E6E3299E148200955044 /* HeadCell.xib */; };
		3682FE3729A3125E008A3702 /* AddNewsViewController.swift in Sources */ = {isa = PBXBuildFile; fileRef = 3682FE3629A3125E008A3702 /* AddNewsViewController.swift */; };
		3682FE3929A3128B008A3702 /* FloatingButton.swift in Sources */ = {isa = PBXBuildFile; fileRef = 3682FE3829A3128B008A3702 /* FloatingButton.swift */; };
		3682FE3B29A312A1008A3702 /* StatusCenter.swift in Sources */ = {isa = PBXBuildFile; fileRef = 3682FE3A29A312A1008A3702 /* StatusCenter.swift */; };
		3682FE3D29A31B19008A3702 /* PlaceHolderTextView.swift in Sources */ = {isa = PBXBuildFile; fileRef = 3682FE3C29A31B19008A3702 /* PlaceHolderTextView.swift */; };
		3682FE4129A321EB008A3702 /* LoginViewController.swift in Sources */ = {isa = PBXBuildFile; fileRef = 3682FE4029A321EB008A3702 /* LoginViewController.swift */; };
		3682FE4329A32205008A3702 /* RegisViewController.swift in Sources */ = {isa = PBXBuildFile; fileRef = 3682FE4229A32205008A3702 /* RegisViewController.swift */; };
		3682FE4529A323A1008A3702 /* LanchViewController.swift in Sources */ = {isa = PBXBuildFile; fileRef = 3682FE4429A323A1008A3702 /* LanchViewController.swift */; };
		3682FE4729A325C8008A3702 /* UserInfoCenter.swift in Sources */ = {isa = PBXBuildFile; fileRef = 3682FE4629A325C8008A3702 /* UserInfoCenter.swift */; };
		3682FE4A29A46B00008A3702 /* TitleTextFieldCell.swift in Sources */ = {isa = PBXBuildFile; fileRef = 3682FE4929A46B00008A3702 /* TitleTextFieldCell.swift */; };
		3682FE4C29A46B54008A3702 /* TitleTextFieldCell.xib in Resources */ = {isa = PBXBuildFile; fileRef = 3682FE4B29A46B54008A3702 /* TitleTextFieldCell.xib */; };
		3682FE4E29A46FF9008A3702 /* TwoButtonCell.swift in Sources */ = {isa = PBXBuildFile; fileRef = 3682FE4D29A46FF9008A3702 /* TwoButtonCell.swift */; };
		3682FE5029A47007008A3702 /* TwoButtonCell.xib in Resources */ = {isa = PBXBuildFile; fileRef = 3682FE4F29A47007008A3702 /* TwoButtonCell.xib */; };
		3682FE5429A496F4008A3702 /* RegisViewModel.swift in Sources */ = {isa = PBXBuildFile; fileRef = 3682FE5329A496F4008A3702 /* RegisViewModel.swift */; };
		3682FE5629A49714008A3702 /* RegisModel.swift in Sources */ = {isa = PBXBuildFile; fileRef = 3682FE5529A49714008A3702 /* RegisModel.swift */; };
		3682FE5A29A4986A008A3702 /* LoginViewModel.swift in Sources */ = {isa = PBXBuildFile; fileRef = 3682FE5929A4986A008A3702 /* LoginViewModel.swift */; };
		3682FE5C29A49A77008A3702 /* LoginCenter.swift in Sources */ = {isa = PBXBuildFile; fileRef = 3682FE5B29A49A77008A3702 /* LoginCenter.swift */; };
		3682FE5E29A4A048008A3702 /* LocalTestCenter.swift in Sources */ = {isa = PBXBuildFile; fileRef = 3682FE5D29A4A048008A3702 /* LocalTestCenter.swift */; };
/* End PBXBuildFile section */

/* Begin PBXContainerItemProxy section */
		36131FAA299DD07E002C1DF4 /* PBXContainerItemProxy */ = {
			isa = PBXContainerItemProxy;
			containerPortal = 36131F8B299DD07D002C1DF4 /* Project object */;
			proxyType = 1;
			remoteGlobalIDString = 36131F92299DD07D002C1DF4;
			remoteInfo = Forum;
		};
		36131FB4299DD07E002C1DF4 /* PBXContainerItemProxy */ = {
			isa = PBXContainerItemProxy;
			containerPortal = 36131F8B299DD07D002C1DF4 /* Project object */;
			proxyType = 1;
			remoteGlobalIDString = 36131F92299DD07D002C1DF4;
			remoteInfo = Forum;
		};
/* End PBXContainerItemProxy section */

/* Begin PBXFileReference section */
		1024A25BE1FF9C532E4ACD69 /* Pods-Forum.release.xcconfig */ = {isa = PBXFileReference; includeInIndex = 1; lastKnownFileType = text.xcconfig; name = "Pods-Forum.release.xcconfig"; path = "Target Support Files/Pods-Forum/Pods-Forum.release.xcconfig"; sourceTree = "<group>"; };
		36131F93299DD07D002C1DF4 /* Forum.app */ = {isa = PBXFileReference; explicitFileType = wrapper.application; includeInIndex = 0; path = Forum.app; sourceTree = BUILT_PRODUCTS_DIR; };
		36131F96299DD07D002C1DF4 /* AppDelegate.swift */ = {isa = PBXFileReference; lastKnownFileType = sourcecode.swift; path = AppDelegate.swift; sourceTree = "<group>"; };
		36131F9A299DD07D002C1DF4 /* ListViewController.swift */ = {isa = PBXFileReference; lastKnownFileType = sourcecode.swift; path = ListViewController.swift; sourceTree = "<group>"; };
		36131F9F299DD07E002C1DF4 /* Assets.xcassets */ = {isa = PBXFileReference; lastKnownFileType = folder.assetcatalog; path = Assets.xcassets; sourceTree = "<group>"; };
		36131FA2299DD07E002C1DF4 /* Base */ = {isa = PBXFileReference; lastKnownFileType = file.storyboard; name = Base; path = Base.lproj/LaunchScreen.storyboard; sourceTree = "<group>"; };
		36131FA4299DD07E002C1DF4 /* Info.plist */ = {isa = PBXFileReference; lastKnownFileType = text.plist.xml; path = Info.plist; sourceTree = "<group>"; };
		36131FA9299DD07E002C1DF4 /* ForumTests.xctest */ = {isa = PBXFileReference; explicitFileType = wrapper.cfbundle; includeInIndex = 0; path = ForumTests.xctest; sourceTree = BUILT_PRODUCTS_DIR; };
		36131FAD299DD07E002C1DF4 /* ForumTests.swift */ = {isa = PBXFileReference; lastKnownFileType = sourcecode.swift; path = ForumTests.swift; sourceTree = "<group>"; };
		36131FB3299DD07E002C1DF4 /* ForumUITests.xctest */ = {isa = PBXFileReference; explicitFileType = wrapper.cfbundle; includeInIndex = 0; path = ForumUITests.xctest; sourceTree = BUILT_PRODUCTS_DIR; };
		36131FB7299DD07E002C1DF4 /* ForumUITests.swift */ = {isa = PBXFileReference; lastKnownFileType = sourcecode.swift; path = ForumUITests.swift; sourceTree = "<group>"; };
		36131FB9299DD07E002C1DF4 /* ForumUITestsLaunchTests.swift */ = {isa = PBXFileReference; lastKnownFileType = sourcecode.swift; path = ForumUITestsLaunchTests.swift; sourceTree = "<group>"; };
		36131FC6299DD0E6002C1DF4 /* Extension.swift */ = {isa = PBXFileReference; fileEncoding = 4; lastKnownFileType = sourcecode.swift; path = Extension.swift; sourceTree = "<group>"; };
		36131FC7299DD0E6002C1DF4 /* CollectionViewAdapter.swift */ = {isa = PBXFileReference; fileEncoding = 4; lastKnownFileType = sourcecode.swift; path = CollectionViewAdapter.swift; sourceTree = "<group>"; };
		36131FC8299DD0E6002C1DF4 /* KeyboardHelper.swift */ = {isa = PBXFileReference; fileEncoding = 4; lastKnownFileType = sourcecode.swift; path = KeyboardHelper.swift; sourceTree = "<group>"; };
		36131FC9299DD0E6002C1DF4 /* TableViewAdapter.swift */ = {isa = PBXFileReference; fileEncoding = 4; lastKnownFileType = sourcecode.swift; path = TableViewAdapter.swift; sourceTree = "<group>"; };
		36131FCA299DD0E6002C1DF4 /* APIService.swift */ = {isa = PBXFileReference; fileEncoding = 4; lastKnownFileType = sourcecode.swift; path = APIService.swift; sourceTree = "<group>"; };
		36131FCB299DD0E6002C1DF4 /* CellProtocol.swift */ = {isa = PBXFileReference; fileEncoding = 4; lastKnownFileType = sourcecode.swift; path = CellProtocol.swift; sourceTree = "<group>"; };
		36131FCC299DD0E6002C1DF4 /* JBJson.swift */ = {isa = PBXFileReference; fileEncoding = 4; lastKnownFileType = sourcecode.swift; path = JBJson.swift; sourceTree = "<group>"; };
		36131FCD299DD0E6002C1DF4 /* BaseCollectionViewController.swift */ = {isa = PBXFileReference; fileEncoding = 4; lastKnownFileType = sourcecode.swift; path = BaseCollectionViewController.swift; sourceTree = "<group>"; };
		36131FCE299DD0E6002C1DF4 /* BaseTableViewController.swift */ = {isa = PBXFileReference; fileEncoding = 4; lastKnownFileType = sourcecode.swift; path = BaseTableViewController.swift; sourceTree = "<group>"; };
		36131FCF299DD0E6002C1DF4 /* DeviceType.swift */ = {isa = PBXFileReference; fileEncoding = 4; lastKnownFileType = sourcecode.swift; path = DeviceType.swift; sourceTree = "<group>"; };
		36131FD0299DD0E6002C1DF4 /* BaseViewController.swift */ = {isa = PBXFileReference; fileEncoding = 4; lastKnownFileType = sourcecode.swift; path = BaseViewController.swift; sourceTree = "<group>"; };
		36131FDF299DD618002C1DF4 /* ListViewModel.swift */ = {isa = PBXFileReference; lastKnownFileType = sourcecode.swift; path = ListViewModel.swift; sourceTree = "<group>"; };
		36131FE2299DD660002C1DF4 /* NewsListModel.swift */ = {isa = PBXFileReference; lastKnownFileType = sourcecode.swift; path = NewsListModel.swift; sourceTree = "<group>"; };
		36131FE5299DD6B5002C1DF4 /* NewsCell.swift */ = {isa = PBXFileReference; lastKnownFileType = sourcecode.swift; path = NewsCell.swift; sourceTree = "<group>"; };
		36131FE7299DD70C002C1DF4 /* NewsCell.xib */ = {isa = PBXFileReference; lastKnownFileType = file.xib; path = NewsCell.xib; sourceTree = "<group>"; };
		36131FE9299DDD53002C1DF4 /* libSDWebImage.a */ = {isa = PBXFileReference; explicitFileType = archive.ar; path = libSDWebImage.a; sourceTree = BUILT_PRODUCTS_DIR; };
		36131FEB299DDD90002C1DF4 /* libSDWebImage.a */ = {isa = PBXFileReference; explicitFileType = archive.ar; path = libSDWebImage.a; sourceTree = BUILT_PRODUCTS_DIR; };
		3613E6E1299E130D00955044 /* HeadCell.swift */ = {isa = PBXFileReference; lastKnownFileType = sourcecode.swift; path = HeadCell.swift; sourceTree = "<group>"; };
		3613E6E3299E148200955044 /* HeadCell.xib */ = {isa = PBXFileReference; lastKnownFileType = file.xib; path = HeadCell.xib; sourceTree = "<group>"; };
		3682FE3629A3125E008A3702 /* AddNewsViewController.swift */ = {isa = PBXFileReference; lastKnownFileType = sourcecode.swift; path = AddNewsViewController.swift; sourceTree = "<group>"; };
		3682FE3829A3128B008A3702 /* FloatingButton.swift */ = {isa = PBXFileReference; lastKnownFileType = sourcecode.swift; path = FloatingButton.swift; sourceTree = "<group>"; };
		3682FE3A29A312A1008A3702 /* StatusCenter.swift */ = {isa = PBXFileReference; lastKnownFileType = sourcecode.swift; path = StatusCenter.swift; sourceTree = "<group>"; };
		3682FE3C29A31B19008A3702 /* PlaceHolderTextView.swift */ = {isa = PBXFileReference; lastKnownFileType = sourcecode.swift; path = PlaceHolderTextView.swift; sourceTree = "<group>"; };
		3682FE4029A321EB008A3702 /* LoginViewController.swift */ = {isa = PBXFileReference; lastKnownFileType = sourcecode.swift; path = LoginViewController.swift; sourceTree = "<group>"; };
		3682FE4229A32205008A3702 /* RegisViewController.swift */ = {isa = PBXFileReference; lastKnownFileType = sourcecode.swift; path = RegisViewController.swift; sourceTree = "<group>"; };
		3682FE4429A323A1008A3702 /* LanchViewController.swift */ = {isa = PBXFileReference; lastKnownFileType = sourcecode.swift; path = LanchViewController.swift; sourceTree = "<group>"; };
		3682FE4629A325C8008A3702 /* UserInfoCenter.swift */ = {isa = PBXFileReference; fileEncoding = 4; lastKnownFileType = sourcecode.swift; path = UserInfoCenter.swift; sourceTree = "<group>"; };
		3682FE4929A46B00008A3702 /* TitleTextFieldCell.swift */ = {isa = PBXFileReference; lastKnownFileType = sourcecode.swift; path = TitleTextFieldCell.swift; sourceTree = "<group>"; };
		3682FE4B29A46B54008A3702 /* TitleTextFieldCell.xib */ = {isa = PBXFileReference; lastKnownFileType = file.xib; path = TitleTextFieldCell.xib; sourceTree = "<group>"; };
		3682FE4D29A46FF9008A3702 /* TwoButtonCell.swift */ = {isa = PBXFileReference; lastKnownFileType = sourcecode.swift; path = TwoButtonCell.swift; sourceTree = "<group>"; };
		3682FE4F29A47007008A3702 /* TwoButtonCell.xib */ = {isa = PBXFileReference; lastKnownFileType = file.xib; path = TwoButtonCell.xib; sourceTree = "<group>"; };
		3682FE5329A496F4008A3702 /* RegisViewModel.swift */ = {isa = PBXFileReference; lastKnownFileType = sourcecode.swift; path = RegisViewModel.swift; sourceTree = "<group>"; };
		3682FE5529A49714008A3702 /* RegisModel.swift */ = {isa = PBXFileReference; lastKnownFileType = sourcecode.swift; path = RegisModel.swift; sourceTree = "<group>"; };
		3682FE5929A4986A008A3702 /* LoginViewModel.swift */ = {isa = PBXFileReference; lastKnownFileType = sourcecode.swift; path = LoginViewModel.swift; sourceTree = "<group>"; };
		3682FE5B29A49A77008A3702 /* LoginCenter.swift */ = {isa = PBXFileReference; lastKnownFileType = sourcecode.swift; path = LoginCenter.swift; sourceTree = "<group>"; };
		3682FE5D29A4A048008A3702 /* LocalTestCenter.swift */ = {isa = PBXFileReference; lastKnownFileType = sourcecode.swift; path = LocalTestCenter.swift; sourceTree = "<group>"; };
		70A601E91FF12C6ADE755E32 /* libPods-Forum.a */ = {isa = PBXFileReference; explicitFileType = archive.ar; includeInIndex = 0; path = "libPods-Forum.a"; sourceTree = BUILT_PRODUCTS_DIR; };
		C119E20F784FA9D96E089A04 /* Pods-Forum.debug.xcconfig */ = {isa = PBXFileReference; includeInIndex = 1; lastKnownFileType = text.xcconfig; name = "Pods-Forum.debug.xcconfig"; path = "Target Support Files/Pods-Forum/Pods-Forum.debug.xcconfig"; sourceTree = "<group>"; };
/* End PBXFileReference section */

/* Begin PBXFrameworksBuildPhase section */
		36131F90299DD07D002C1DF4 /* Frameworks */ = {
			isa = PBXFrameworksBuildPhase;
			buildActionMask = 2147483647;
			files = (
				36131FEC299DDD90002C1DF4 /* libSDWebImage.a in Frameworks */,
				017443310F1EECF8A46E254C /* libPods-Forum.a in Frameworks */,
			);
			runOnlyForDeploymentPostprocessing = 0;
		};
		36131FA6299DD07E002C1DF4 /* Frameworks */ = {
			isa = PBXFrameworksBuildPhase;
			buildActionMask = 2147483647;
			files = (
			);
			runOnlyForDeploymentPostprocessing = 0;
		};
		36131FB0299DD07E002C1DF4 /* Frameworks */ = {
			isa = PBXFrameworksBuildPhase;
			buildActionMask = 2147483647;
			files = (
			);
			runOnlyForDeploymentPostprocessing = 0;
		};
/* End PBXFrameworksBuildPhase section */

/* Begin PBXGroup section */
		36131F8A299DD07D002C1DF4 = {
			isa = PBXGroup;
			children = (
				36131F95299DD07D002C1DF4 /* Forum */,
				36131FAC299DD07E002C1DF4 /* ForumTests */,
				36131FB6299DD07E002C1DF4 /* ForumUITests */,
				36131F94299DD07D002C1DF4 /* Products */,
				AB89F68A84509C4035A1F6EB /* Pods */,
				72F8121B28D594CEA83BE3B7 /* Frameworks */,
			);
			sourceTree = "<group>";
		};
		36131F94299DD07D002C1DF4 /* Products */ = {
			isa = PBXGroup;
			children = (
				36131F93299DD07D002C1DF4 /* Forum.app */,
				36131FA9299DD07E002C1DF4 /* ForumTests.xctest */,
				36131FB3299DD07E002C1DF4 /* ForumUITests.xctest */,
			);
			name = Products;
			sourceTree = "<group>";
		};
		36131F95299DD07D002C1DF4 /* Forum */ = {
			isa = PBXGroup;
			children = (
				36131F96299DD07D002C1DF4 /* AppDelegate.swift */,
				3682FE3F29A32199008A3702 /* Helper */,
				36131FDE299DD5F3002C1DF4 /* Pages */,
				36131FDD299DD0F7002C1DF4 /* API */,
				36131FDC299DD0EB002C1DF4 /* Base */,
				36131F9F299DD07E002C1DF4 /* Assets.xcassets */,
				36131FA1299DD07E002C1DF4 /* LaunchScreen.storyboard */,
				36131FA4299DD07E002C1DF4 /* Info.plist */,
			);
			path = Forum;
			sourceTree = "<group>";
		};
		36131FAC299DD07E002C1DF4 /* ForumTests */ = {
			isa = PBXGroup;
			children = (
				36131FAD299DD07E002C1DF4 /* ForumTests.swift */,
			);
			path = ForumTests;
			sourceTree = "<group>";
		};
		36131FB6299DD07E002C1DF4 /* ForumUITests */ = {
			isa = PBXGroup;
			children = (
				36131FB7299DD07E002C1DF4 /* ForumUITests.swift */,
				36131FB9299DD07E002C1DF4 /* ForumUITestsLaunchTests.swift */,
			);
			path = ForumUITests;
			sourceTree = "<group>";
		};
		36131FDC299DD0EB002C1DF4 /* Base */ = {
			isa = PBXGroup;
			children = (
				36131FCD299DD0E6002C1DF4 /* BaseCollectionViewController.swift */,
				36131FCE299DD0E6002C1DF4 /* BaseTableViewController.swift */,
				36131FD0299DD0E6002C1DF4 /* BaseViewController.swift */,
				36131FCB299DD0E6002C1DF4 /* CellProtocol.swift */,
				36131FC7299DD0E6002C1DF4 /* CollectionViewAdapter.swift */,
				36131FCF299DD0E6002C1DF4 /* DeviceType.swift */,
				36131FC6299DD0E6002C1DF4 /* Extension.swift */,
				36131FCC299DD0E6002C1DF4 /* JBJson.swift */,
				36131FC8299DD0E6002C1DF4 /* KeyboardHelper.swift */,
				36131FC9299DD0E6002C1DF4 /* TableViewAdapter.swift */,
			);
			path = Base;
			sourceTree = "<group>";
		};
		36131FDD299DD0F7002C1DF4 /* API */ = {
			isa = PBXGroup;
			children = (
				36131FCA299DD0E6002C1DF4 /* APIService.swift */,
			);
			path = API;
			sourceTree = "<group>";
		};
		36131FDE299DD5F3002C1DF4 /* Pages */ = {
			isa = PBXGroup;
			children = (
				3682FE4429A323A1008A3702 /* LanchViewController.swift */,
				3682FE5729A49728008A3702 /* List */,
				3682FE3629A3125E008A3702 /* AddNewsViewController.swift */,
				3682FE5829A49858008A3702 /* Login */,
				3682FE5229A496E3008A3702 /* Regis */,
				3682FE3E29A32189008A3702 /* CustomView */,
				36131FE4299DD680002C1DF4 /* Cell */,
				36131FE1299DD629002C1DF4 /* Model */,
			);
			path = Pages;
			sourceTree = "<group>";
		};
		36131FE1299DD629002C1DF4 /* Model */ = {
			isa = PBXGroup;
			children = (
				36131FE2299DD660002C1DF4 /* NewsListModel.swift */,
				3682FE5529A49714008A3702 /* RegisModel.swift */,
			);
			path = Model;
			sourceTree = "<group>";
		};
		36131FE4299DD680002C1DF4 /* Cell */ = {
			isa = PBXGroup;
			children = (
				3613E6E1299E130D00955044 /* HeadCell.swift */,
				3613E6E3299E148200955044 /* HeadCell.xib */,
				36131FE5299DD6B5002C1DF4 /* NewsCell.swift */,
				36131FE7299DD70C002C1DF4 /* NewsCell.xib */,
				3682FE4929A46B00008A3702 /* TitleTextFieldCell.swift */,
				3682FE4B29A46B54008A3702 /* TitleTextFieldCell.xib */,
				3682FE4D29A46FF9008A3702 /* TwoButtonCell.swift */,
				3682FE4F29A47007008A3702 /* TwoButtonCell.xib */,
			);
			path = Cell;
			sourceTree = "<group>";
		};
		3682FE3E29A32189008A3702 /* CustomView */ = {
			isa = PBXGroup;
			children = (
				3682FE3C29A31B19008A3702 /* PlaceHolderTextView.swift */,
				3682FE3829A3128B008A3702 /* FloatingButton.swift */,
			);
			path = CustomView;
			sourceTree = "<group>";
		};
		3682FE3F29A32199008A3702 /* Helper */ = {
			isa = PBXGroup;
			children = (
				3682FE4629A325C8008A3702 /* UserInfoCenter.swift */,
				3682FE3A29A312A1008A3702 /* StatusCenter.swift */,
				3682FE5B29A49A77008A3702 /* LoginCenter.swift */,
				3682FE5D29A4A048008A3702 /* LocalTestCenter.swift */,
			);
			path = Helper;
			sourceTree = "<group>";
		};
		3682FE5229A496E3008A3702 /* Regis */ = {
			isa = PBXGroup;
			children = (
				3682FE4229A32205008A3702 /* RegisViewController.swift */,
				3682FE5329A496F4008A3702 /* RegisViewModel.swift */,
			);
			path = Regis;
			sourceTree = "<group>";
		};
		3682FE5729A49728008A3702 /* List */ = {
			isa = PBXGroup;
			children = (
				36131F9A299DD07D002C1DF4 /* ListViewController.swift */,
				36131FDF299DD618002C1DF4 /* ListViewModel.swift */,
			);
			path = List;
			sourceTree = "<group>";
		};
		3682FE5829A49858008A3702 /* Login */ = {
			isa = PBXGroup;
			children = (
				3682FE4029A321EB008A3702 /* LoginViewController.swift */,
				3682FE5929A4986A008A3702 /* LoginViewModel.swift */,
			);
			path = Login;
			sourceTree = "<group>";
		};
		72F8121B28D594CEA83BE3B7 /* Frameworks */ = {
			isa = PBXGroup;
			children = (
				36131FEB299DDD90002C1DF4 /* libSDWebImage.a */,
				36131FE9299DDD53002C1DF4 /* libSDWebImage.a */,
				70A601E91FF12C6ADE755E32 /* libPods-Forum.a */,
			);
			name = Frameworks;
			sourceTree = "<group>";
		};
		AB89F68A84509C4035A1F6EB /* Pods */ = {
			isa = PBXGroup;
			children = (
				C119E20F784FA9D96E089A04 /* Pods-Forum.debug.xcconfig */,
				1024A25BE1FF9C532E4ACD69 /* Pods-Forum.release.xcconfig */,
			);
			path = Pods;
			sourceTree = "<group>";
		};
/* End PBXGroup section */

/* Begin PBXNativeTarget section */
		36131F92299DD07D002C1DF4 /* Forum */ = {
			isa = PBXNativeTarget;
			buildConfigurationList = 36131FBD299DD07E002C1DF4 /* Build configuration list for PBXNativeTarget "Forum" */;
			buildPhases = (
				13D7281AA42FBE07327D18C3 /* [CP] Check Pods Manifest.lock */,
				36131F8F299DD07D002C1DF4 /* Sources */,
				36131F90299DD07D002C1DF4 /* Frameworks */,
				36131F91299DD07D002C1DF4 /* Resources */,
			);
			buildRules = (
			);
			dependencies = (
			);
			name = Forum;
			productName = Forum;
			productReference = 36131F93299DD07D002C1DF4 /* Forum.app */;
			productType = "com.apple.product-type.application";
		};
		36131FA8299DD07E002C1DF4 /* ForumTests */ = {
			isa = PBXNativeTarget;
			buildConfigurationList = 36131FC0299DD07E002C1DF4 /* Build configuration list for PBXNativeTarget "ForumTests" */;
			buildPhases = (
				36131FA5299DD07E002C1DF4 /* Sources */,
				36131FA6299DD07E002C1DF4 /* Frameworks */,
				36131FA7299DD07E002C1DF4 /* Resources */,
			);
			buildRules = (
			);
			dependencies = (
				36131FAB299DD07E002C1DF4 /* PBXTargetDependency */,
			);
			name = ForumTests;
			productName = ForumTests;
			productReference = 36131FA9299DD07E002C1DF4 /* ForumTests.xctest */;
			productType = "com.apple.product-type.bundle.unit-test";
		};
		36131FB2299DD07E002C1DF4 /* ForumUITests */ = {
			isa = PBXNativeTarget;
			buildConfigurationList = 36131FC3299DD07E002C1DF4 /* Build configuration list for PBXNativeTarget "ForumUITests" */;
			buildPhases = (
				36131FAF299DD07E002C1DF4 /* Sources */,
				36131FB0299DD07E002C1DF4 /* Frameworks */,
				36131FB1299DD07E002C1DF4 /* Resources */,
			);
			buildRules = (
			);
			dependencies = (
				36131FB5299DD07E002C1DF4 /* PBXTargetDependency */,
			);
			name = ForumUITests;
			productName = ForumUITests;
			productReference = 36131FB3299DD07E002C1DF4 /* ForumUITests.xctest */;
			productType = "com.apple.product-type.bundle.ui-testing";
		};
/* End PBXNativeTarget section */

/* Begin PBXProject section */
		36131F8B299DD07D002C1DF4 /* Project object */ = {
			isa = PBXProject;
			attributes = {
				BuildIndependentTargetsInParallel = 1;
				LastSwiftUpdateCheck = 1420;
				LastUpgradeCheck = 1420;
				TargetAttributes = {
					36131F92299DD07D002C1DF4 = {
						CreatedOnToolsVersion = 14.2;
					};
					36131FA8299DD07E002C1DF4 = {
						CreatedOnToolsVersion = 14.2;
						TestTargetID = 36131F92299DD07D002C1DF4;
					};
					36131FB2299DD07E002C1DF4 = {
						CreatedOnToolsVersion = 14.2;
						TestTargetID = 36131F92299DD07D002C1DF4;
					};
				};
			};
			buildConfigurationList = 36131F8E299DD07D002C1DF4 /* Build configuration list for PBXProject "Forum" */;
			compatibilityVersion = "Xcode 14.0";
			developmentRegion = en;
			hasScannedForEncodings = 0;
			knownRegions = (
				en,
				Base,
			);
			mainGroup = 36131F8A299DD07D002C1DF4;
			productRefGroup = 36131F94299DD07D002C1DF4 /* Products */;
			projectDirPath = "";
			projectRoot = "";
			targets = (
				36131F92299DD07D002C1DF4 /* Forum */,
				36131FA8299DD07E002C1DF4 /* ForumTests */,
				36131FB2299DD07E002C1DF4 /* ForumUITests */,
			);
		};
/* End PBXProject section */

/* Begin PBXResourcesBuildPhase section */
		36131F91299DD07D002C1DF4 /* Resources */ = {
			isa = PBXResourcesBuildPhase;
			buildActionMask = 2147483647;
			files = (
				3682FE5029A47007008A3702 /* TwoButtonCell.xib in Resources */,
				36131FE8299DD70C002C1DF4 /* NewsCell.xib in Resources */,
				36131FA3299DD07E002C1DF4 /* LaunchScreen.storyboard in Resources */,
				3682FE4C29A46B54008A3702 /* TitleTextFieldCell.xib in Resources */,
				36131FA0299DD07E002C1DF4 /* Assets.xcassets in Resources */,
				3613E6E4299E148200955044 /* HeadCell.xib in Resources */,
			);
			runOnlyForDeploymentPostprocessing = 0;
		};
		36131FA7299DD07E002C1DF4 /* Resources */ = {
			isa = PBXResourcesBuildPhase;
			buildActionMask = 2147483647;
			files = (
			);
			runOnlyForDeploymentPostprocessing = 0;
		};
		36131FB1299DD07E002C1DF4 /* Resources */ = {
			isa = PBXResourcesBuildPhase;
			buildActionMask = 2147483647;
			files = (
			);
			runOnlyForDeploymentPostprocessing = 0;
		};
/* End PBXResourcesBuildPhase section */

/* Begin PBXShellScriptBuildPhase section */
		13D7281AA42FBE07327D18C3 /* [CP] Check Pods Manifest.lock */ = {
			isa = PBXShellScriptBuildPhase;
			buildActionMask = 2147483647;
			files = (
			);
			inputFileListPaths = (
			);
			inputPaths = (
				"${PODS_PODFILE_DIR_PATH}/Podfile.lock",
				"${PODS_ROOT}/Manifest.lock",
			);
			name = "[CP] Check Pods Manifest.lock";
			outputFileListPaths = (
			);
			outputPaths = (
				"$(DERIVED_FILE_DIR)/Pods-Forum-checkManifestLockResult.txt",
			);
			runOnlyForDeploymentPostprocessing = 0;
			shellPath = /bin/sh;
			shellScript = "diff \"${PODS_PODFILE_DIR_PATH}/Podfile.lock\" \"${PODS_ROOT}/Manifest.lock\" > /dev/null\nif [ $? != 0 ] ; then\n    # print error to STDERR\n    echo \"error: The sandbox is not in sync with the Podfile.lock. Run 'pod install' or update your CocoaPods installation.\" >&2\n    exit 1\nfi\n# This output is used by Xcode 'outputs' to avoid re-running this script phase.\necho \"SUCCESS\" > \"${SCRIPT_OUTPUT_FILE_0}\"\n";
			showEnvVarsInLog = 0;
		};
/* End PBXShellScriptBuildPhase section */

/* Begin PBXSourcesBuildPhase section */
		36131F8F299DD07D002C1DF4 /* Sources */ = {
			isa = PBXSourcesBuildPhase;
			buildActionMask = 2147483647;
			files = (
				36131FDB299DD0E6002C1DF4 /* BaseViewController.swift in Sources */,
				3682FE5429A496F4008A3702 /* RegisViewModel.swift in Sources */,
				3682FE4529A323A1008A3702 /* LanchViewController.swift in Sources */,
				36131FD7299DD0E6002C1DF4 /* JBJson.swift in Sources */,
				3682FE5C29A49A77008A3702 /* LoginCenter.swift in Sources */,
				36131FE0299DD618002C1DF4 /* ListViewModel.swift in Sources */,
				3682FE4A29A46B00008A3702 /* TitleTextFieldCell.swift in Sources */,
				36131FD1299DD0E6002C1DF4 /* Extension.swift in Sources */,
				3682FE4729A325C8008A3702 /* UserInfoCenter.swift in Sources */,
				3682FE5A29A4986A008A3702 /* LoginViewModel.swift in Sources */,
				3682FE3D29A31B19008A3702 /* PlaceHolderTextView.swift in Sources */,
				3682FE3929A3128B008A3702 /* FloatingButton.swift in Sources */,
				36131FD5299DD0E6002C1DF4 /* APIService.swift in Sources */,
				3682FE3729A3125E008A3702 /* AddNewsViewController.swift in Sources */,
				3682FE4E29A46FF9008A3702 /* TwoButtonCell.swift in Sources */,
				36131F9B299DD07D002C1DF4 /* ListViewController.swift in Sources */,
				36131FE6299DD6B5002C1DF4 /* NewsCell.swift in Sources */,
				3682FE4129A321EB008A3702 /* LoginViewController.swift in Sources */,
				36131FD2299DD0E6002C1DF4 /* CollectionViewAdapter.swift in Sources */,
				3682FE4329A32205008A3702 /* RegisViewController.swift in Sources */,
				3682FE3B29A312A1008A3702 /* StatusCenter.swift in Sources */,
				36131F97299DD07D002C1DF4 /* AppDelegate.swift in Sources */,
				36131FD3299DD0E6002C1DF4 /* KeyboardHelper.swift in Sources */,
				36131FE3299DD660002C1DF4 /* NewsListModel.swift in Sources */,
				36131FD4299DD0E6002C1DF4 /* TableViewAdapter.swift in Sources */,
				3613E6E2299E130D00955044 /* HeadCell.swift in Sources */,
				36131FD6299DD0E6002C1DF4 /* CellProtocol.swift in Sources */,
				36131FDA299DD0E6002C1DF4 /* DeviceType.swift in Sources */,
				3682FE5E29A4A048008A3702 /* LocalTestCenter.swift in Sources */,
				36131FD9299DD0E6002C1DF4 /* BaseTableViewController.swift in Sources */,
				3682FE5629A49714008A3702 /* RegisModel.swift in Sources */,
				36131FD8299DD0E6002C1DF4 /* BaseCollectionViewController.swift in Sources */,
			);
			runOnlyForDeploymentPostprocessing = 0;
		};
		36131FA5299DD07E002C1DF4 /* Sources */ = {
			isa = PBXSourcesBuildPhase;
			buildActionMask = 2147483647;
			files = (
				36131FAE299DD07E002C1DF4 /* ForumTests.swift in Sources */,
			);
			runOnlyForDeploymentPostprocessing = 0;
		};
		36131FAF299DD07E002C1DF4 /* Sources */ = {
			isa = PBXSourcesBuildPhase;
			buildActionMask = 2147483647;
			files = (
				36131FBA299DD07E002C1DF4 /* ForumUITestsLaunchTests.swift in Sources */,
				36131FB8299DD07E002C1DF4 /* ForumUITests.swift in Sources */,
			);
			runOnlyForDeploymentPostprocessing = 0;
		};
/* End PBXSourcesBuildPhase section */

/* Begin PBXTargetDependency section */
		36131FAB299DD07E002C1DF4 /* PBXTargetDependency */ = {
			isa = PBXTargetDependency;
			target = 36131F92299DD07D002C1DF4 /* Forum */;
			targetProxy = 36131FAA299DD07E002C1DF4 /* PBXContainerItemProxy */;
		};
		36131FB5299DD07E002C1DF4 /* PBXTargetDependency */ = {
			isa = PBXTargetDependency;
			target = 36131F92299DD07D002C1DF4 /* Forum */;
			targetProxy = 36131FB4299DD07E002C1DF4 /* PBXContainerItemProxy */;
		};
/* End PBXTargetDependency section */

/* Begin PBXVariantGroup section */
		36131FA1299DD07E002C1DF4 /* LaunchScreen.storyboard */ = {
			isa = PBXVariantGroup;
			children = (
				36131FA2299DD07E002C1DF4 /* Base */,
			);
			name = LaunchScreen.storyboard;
			sourceTree = "<group>";
		};
/* End PBXVariantGroup section */

/* Begin XCBuildConfiguration section */
		36131FBB299DD07E002C1DF4 /* Debug */ = {
			isa = XCBuildConfiguration;
			buildSettings = {
				ALWAYS_SEARCH_USER_PATHS = NO;
				CLANG_ANALYZER_NONNULL = YES;
				CLANG_ANALYZER_NUMBER_OBJECT_CONVERSION = YES_AGGRESSIVE;
				CLANG_CXX_LANGUAGE_STANDARD = "gnu++20";
				CLANG_ENABLE_MODULES = YES;
				CLANG_ENABLE_OBJC_ARC = YES;
				CLANG_ENABLE_OBJC_WEAK = YES;
				CLANG_WARN_BLOCK_CAPTURE_AUTORELEASING = YES;
				CLANG_WARN_BOOL_CONVERSION = YES;
				CLANG_WARN_COMMA = YES;
				CLANG_WARN_CONSTANT_CONVERSION = YES;
				CLANG_WARN_DEPRECATED_OBJC_IMPLEMENTATIONS = YES;
				CLANG_WARN_DIRECT_OBJC_ISA_USAGE = YES_ERROR;
				CLANG_WARN_DOCUMENTATION_COMMENTS = YES;
				CLANG_WARN_EMPTY_BODY = YES;
				CLANG_WARN_ENUM_CONVERSION = YES;
				CLANG_WARN_INFINITE_RECURSION = YES;
				CLANG_WARN_INT_CONVERSION = YES;
				CLANG_WARN_NON_LITERAL_NULL_CONVERSION = YES;
				CLANG_WARN_OBJC_IMPLICIT_RETAIN_SELF = YES;
				CLANG_WARN_OBJC_LITERAL_CONVERSION = YES;
				CLANG_WARN_OBJC_ROOT_CLASS = YES_ERROR;
				CLANG_WARN_QUOTED_INCLUDE_IN_FRAMEWORK_HEADER = YES;
				CLANG_WARN_RANGE_LOOP_ANALYSIS = YES;
				CLANG_WARN_STRICT_PROTOTYPES = YES;
				CLANG_WARN_SUSPICIOUS_MOVE = YES;
				CLANG_WARN_UNGUARDED_AVAILABILITY = YES_AGGRESSIVE;
				CLANG_WARN_UNREACHABLE_CODE = YES;
				CLANG_WARN__DUPLICATE_METHOD_MATCH = YES;
				COPY_PHASE_STRIP = NO;
				DEBUG_INFORMATION_FORMAT = dwarf;
				ENABLE_STRICT_OBJC_MSGSEND = YES;
				ENABLE_TESTABILITY = YES;
				GCC_C_LANGUAGE_STANDARD = gnu11;
				GCC_DYNAMIC_NO_PIC = NO;
				GCC_NO_COMMON_BLOCKS = YES;
				GCC_OPTIMIZATION_LEVEL = 0;
				GCC_PREPROCESSOR_DEFINITIONS = (
					"DEBUG=1",
					"$(inherited)",
				);
				GCC_WARN_64_TO_32_BIT_CONVERSION = YES;
				GCC_WARN_ABOUT_RETURN_TYPE = YES_ERROR;
				GCC_WARN_UNDECLARED_SELECTOR = YES;
				GCC_WARN_UNINITIALIZED_AUTOS = YES_AGGRESSIVE;
				GCC_WARN_UNUSED_FUNCTION = YES;
				GCC_WARN_UNUSED_VARIABLE = YES;
				IPHONEOS_DEPLOYMENT_TARGET = 16.2;
				MTL_ENABLE_DEBUG_INFO = INCLUDE_SOURCE;
				MTL_FAST_MATH = YES;
				ONLY_ACTIVE_ARCH = YES;
				SDKROOT = iphoneos;
				SWIFT_ACTIVE_COMPILATION_CONDITIONS = DEBUG;
				SWIFT_OPTIMIZATION_LEVEL = "-Onone";
			};
			name = Debug;
		};
		36131FBC299DD07E002C1DF4 /* Release */ = {
			isa = XCBuildConfiguration;
			buildSettings = {
				ALWAYS_SEARCH_USER_PATHS = NO;
				CLANG_ANALYZER_NONNULL = YES;
				CLANG_ANALYZER_NUMBER_OBJECT_CONVERSION = YES_AGGRESSIVE;
				CLANG_CXX_LANGUAGE_STANDARD = "gnu++20";
				CLANG_ENABLE_MODULES = YES;
				CLANG_ENABLE_OBJC_ARC = YES;
				CLANG_ENABLE_OBJC_WEAK = YES;
				CLANG_WARN_BLOCK_CAPTURE_AUTORELEASING = YES;
				CLANG_WARN_BOOL_CONVERSION = YES;
				CLANG_WARN_COMMA = YES;
				CLANG_WARN_CONSTANT_CONVERSION = YES;
				CLANG_WARN_DEPRECATED_OBJC_IMPLEMENTATIONS = YES;
				CLANG_WARN_DIRECT_OBJC_ISA_USAGE = YES_ERROR;
				CLANG_WARN_DOCUMENTATION_COMMENTS = YES;
				CLANG_WARN_EMPTY_BODY = YES;
				CLANG_WARN_ENUM_CONVERSION = YES;
				CLANG_WARN_INFINITE_RECURSION = YES;
				CLANG_WARN_INT_CONVERSION = YES;
				CLANG_WARN_NON_LITERAL_NULL_CONVERSION = YES;
				CLANG_WARN_OBJC_IMPLICIT_RETAIN_SELF = YES;
				CLANG_WARN_OBJC_LITERAL_CONVERSION = YES;
				CLANG_WARN_OBJC_ROOT_CLASS = YES_ERROR;
				CLANG_WARN_QUOTED_INCLUDE_IN_FRAMEWORK_HEADER = YES;
				CLANG_WARN_RANGE_LOOP_ANALYSIS = YES;
				CLANG_WARN_STRICT_PROTOTYPES = YES;
				CLANG_WARN_SUSPICIOUS_MOVE = YES;
				CLANG_WARN_UNGUARDED_AVAILABILITY = YES_AGGRESSIVE;
				CLANG_WARN_UNREACHABLE_CODE = YES;
				CLANG_WARN__DUPLICATE_METHOD_MATCH = YES;
				COPY_PHASE_STRIP = NO;
				DEBUG_INFORMATION_FORMAT = "dwarf-with-dsym";
				ENABLE_NS_ASSERTIONS = NO;
				ENABLE_STRICT_OBJC_MSGSEND = YES;
				GCC_C_LANGUAGE_STANDARD = gnu11;
				GCC_NO_COMMON_BLOCKS = YES;
				GCC_WARN_64_TO_32_BIT_CONVERSION = YES;
				GCC_WARN_ABOUT_RETURN_TYPE = YES_ERROR;
				GCC_WARN_UNDECLARED_SELECTOR = YES;
				GCC_WARN_UNINITIALIZED_AUTOS = YES_AGGRESSIVE;
				GCC_WARN_UNUSED_FUNCTION = YES;
				GCC_WARN_UNUSED_VARIABLE = YES;
				IPHONEOS_DEPLOYMENT_TARGET = 16.2;
				MTL_ENABLE_DEBUG_INFO = NO;
				MTL_FAST_MATH = YES;
				SDKROOT = iphoneos;
				SWIFT_COMPILATION_MODE = wholemodule;
				SWIFT_OPTIMIZATION_LEVEL = "-O";
				VALIDATE_PRODUCT = YES;
			};
			name = Release;
		};
		36131FBE299DD07E002C1DF4 /* Debug */ = {
			isa = XCBuildConfiguration;
			baseConfigurationReference = C119E20F784FA9D96E089A04 /* Pods-Forum.debug.xcconfig */;
			buildSettings = {
				ASSETCATALOG_COMPILER_APPICON_NAME = AppIcon;
				ASSETCATALOG_COMPILER_GLOBAL_ACCENT_COLOR_NAME = AccentColor;
				CODE_SIGN_STYLE = Automatic;
				CURRENT_PROJECT_VERSION = 1;
				DEVELOPMENT_TEAM = NZT54R9366;
				GENERATE_INFOPLIST_FILE = YES;
				INFOPLIST_FILE = Forum/Info.plist;
				INFOPLIST_KEY_UIApplicationSupportsIndirectInputEvents = YES;
				INFOPLIST_KEY_UILaunchStoryboardName = LaunchScreen;
				INFOPLIST_KEY_UISupportedInterfaceOrientations_iPad = "UIInterfaceOrientationPortrait UIInterfaceOrientationPortraitUpsideDown UIInterfaceOrientationLandscapeLeft UIInterfaceOrientationLandscapeRight";
				INFOPLIST_KEY_UISupportedInterfaceOrientations_iPhone = "UIInterfaceOrientationPortrait UIInterfaceOrientationLandscapeLeft UIInterfaceOrientationLandscapeRight";
				IPHONEOS_DEPLOYMENT_TARGET = 13.0;
				LD_RUNPATH_SEARCH_PATHS = (
					"$(inherited)",
					"@executable_path/Frameworks",
				);
				MARKETING_VERSION = 1.0;
				PRODUCT_BUNDLE_IDENTIFIER = com.ehun.Forum;
				PRODUCT_NAME = "$(TARGET_NAME)";
				SUPPORTED_PLATFORMS = "iphoneos iphonesimulator";
				SUPPORTS_MACCATALYST = NO;
				SUPPORTS_MAC_DESIGNED_FOR_IPHONE_IPAD = NO;
				SWIFT_EMIT_LOC_STRINGS = YES;
				SWIFT_VERSION = 5.0;
				TARGETED_DEVICE_FAMILY = 1;
			};
			name = Debug;
		};
		36131FBF299DD07E002C1DF4 /* Release */ = {
			isa = XCBuildConfiguration;
			baseConfigurationReference = 1024A25BE1FF9C532E4ACD69 /* Pods-Forum.release.xcconfig */;
			buildSettings = {
				ASSETCATALOG_COMPILER_APPICON_NAME = AppIcon;
				ASSETCATALOG_COMPILER_GLOBAL_ACCENT_COLOR_NAME = AccentColor;
				CODE_SIGN_STYLE = Automatic;
				CURRENT_PROJECT_VERSION = 1;
				DEVELOPMENT_TEAM = NZT54R9366;
				GENERATE_INFOPLIST_FILE = YES;
				INFOPLIST_FILE = Forum/Info.plist;
				INFOPLIST_KEY_UIApplicationSupportsIndirectInputEvents = YES;
				INFOPLIST_KEY_UILaunchStoryboardName = LaunchScreen;
				INFOPLIST_KEY_UISupportedInterfaceOrientations_iPad = "UIInterfaceOrientationPortrait UIInterfaceOrientationPortraitUpsideDown UIInterfaceOrientationLandscapeLeft UIInterfaceOrientationLandscapeRight";
				INFOPLIST_KEY_UISupportedInterfaceOrientations_iPhone = "UIInterfaceOrientationPortrait UIInterfaceOrientationLandscapeLeft UIInterfaceOrientationLandscapeRight";
				IPHONEOS_DEPLOYMENT_TARGET = 13.0;
				LD_RUNPATH_SEARCH_PATHS = (
					"$(inherited)",
					"@executable_path/Frameworks",
				);
				MARKETING_VERSION = 1.0;
				PRODUCT_BUNDLE_IDENTIFIER = com.ehun.Forum;
				PRODUCT_NAME = "$(TARGET_NAME)";
				SUPPORTED_PLATFORMS = "iphoneos iphonesimulator";
				SUPPORTS_MACCATALYST = NO;
				SUPPORTS_MAC_DESIGNED_FOR_IPHONE_IPAD = NO;
				SWIFT_EMIT_LOC_STRINGS = YES;
				SWIFT_VERSION = 5.0;
				TARGETED_DEVICE_FAMILY = 1;
			};
			name = Release;
		};
		36131FC1299DD07E002C1DF4 /* Debug */ = {
			isa = XCBuildConfiguration;
			buildSettings = {
				ALWAYS_EMBED_SWIFT_STANDARD_LIBRARIES = YES;
				BUNDLE_LOADER = "$(TEST_HOST)";
				CODE_SIGN_STYLE = Automatic;
				CURRENT_PROJECT_VERSION = 1;
				DEVELOPMENT_TEAM = NZT54R9366;
				GENERATE_INFOPLIST_FILE = YES;
				IPHONEOS_DEPLOYMENT_TARGET = 16.2;
				MARKETING_VERSION = 1.0;
				PRODUCT_BUNDLE_IDENTIFIER = com.ehun.ForumTests;
				PRODUCT_NAME = "$(TARGET_NAME)";
				SWIFT_EMIT_LOC_STRINGS = NO;
				SWIFT_VERSION = 5.0;
				TARGETED_DEVICE_FAMILY = "1,2";
				TEST_HOST = "$(BUILT_PRODUCTS_DIR)/Forum.app/$(BUNDLE_EXECUTABLE_FOLDER_PATH)/Forum";
			};
			name = Debug;
		};
		36131FC2299DD07E002C1DF4 /* Release */ = {
			isa = XCBuildConfiguration;
			buildSettings = {
				ALWAYS_EMBED_SWIFT_STANDARD_LIBRARIES = YES;
				BUNDLE_LOADER = "$(TEST_HOST)";
				CODE_SIGN_STYLE = Automatic;
				CURRENT_PROJECT_VERSION = 1;
				DEVELOPMENT_TEAM = NZT54R9366;
				GENERATE_INFOPLIST_FILE = YES;
				IPHONEOS_DEPLOYMENT_TARGET = 16.2;
				MARKETING_VERSION = 1.0;
				PRODUCT_BUNDLE_IDENTIFIER = com.ehun.ForumTests;
				PRODUCT_NAME = "$(TARGET_NAME)";
				SWIFT_EMIT_LOC_STRINGS = NO;
				SWIFT_VERSION = 5.0;
				TARGETED_DEVICE_FAMILY = "1,2";
				TEST_HOST = "$(BUILT_PRODUCTS_DIR)/Forum.app/$(BUNDLE_EXECUTABLE_FOLDER_PATH)/Forum";
			};
			name = Release;
		};
		36131FC4299DD07E002C1DF4 /* Debug */ = {
			isa = XCBuildConfiguration;
			buildSettings = {
				ALWAYS_EMBED_SWIFT_STANDARD_LIBRARIES = YES;
				CODE_SIGN_STYLE = Automatic;
				CURRENT_PROJECT_VERSION = 1;
				DEVELOPMENT_TEAM = NZT54R9366;
				GENERATE_INFOPLIST_FILE = YES;
				MARKETING_VERSION = 1.0;
				PRODUCT_BUNDLE_IDENTIFIER = com.ehun.ForumUITests;
				PRODUCT_NAME = "$(TARGET_NAME)";
				SWIFT_EMIT_LOC_STRINGS = NO;
				SWIFT_VERSION = 5.0;
				TARGETED_DEVICE_FAMILY = "1,2";
				TEST_TARGET_NAME = Forum;
			};
			name = Debug;
		};
		36131FC5299DD07E002C1DF4 /* Release */ = {
			isa = XCBuildConfiguration;
			buildSettings = {
				ALWAYS_EMBED_SWIFT_STANDARD_LIBRARIES = YES;
				CODE_SIGN_STYLE = Automatic;
				CURRENT_PROJECT_VERSION = 1;
				DEVELOPMENT_TEAM = NZT54R9366;
				GENERATE_INFOPLIST_FILE = YES;
				MARKETING_VERSION = 1.0;
				PRODUCT_BUNDLE_IDENTIFIER = com.ehun.ForumUITests;
				PRODUCT_NAME = "$(TARGET_NAME)";
				SWIFT_EMIT_LOC_STRINGS = NO;
				SWIFT_VERSION = 5.0;
				TARGETED_DEVICE_FAMILY = "1,2";
				TEST_TARGET_NAME = Forum;
			};
			name = Release;
		};
/* End XCBuildConfiguration section */

/* Begin XCConfigurationList section */
		36131F8E299DD07D002C1DF4 /* Build configuration list for PBXProject "Forum" */ = {
			isa = XCConfigurationList;
			buildConfigurations = (
				36131FBB299DD07E002C1DF4 /* Debug */,
				36131FBC299DD07E002C1DF4 /* Release */,
			);
			defaultConfigurationIsVisible = 0;
			defaultConfigurationName = Release;
		};
		36131FBD299DD07E002C1DF4 /* Build configuration list for PBXNativeTarget "Forum" */ = {
			isa = XCConfigurationList;
			buildConfigurations = (
				36131FBE299DD07E002C1DF4 /* Debug */,
				36131FBF299DD07E002C1DF4 /* Release */,
			);
			defaultConfigurationIsVisible = 0;
			defaultConfigurationName = Release;
		};
		36131FC0299DD07E002C1DF4 /* Build configuration list for PBXNativeTarget "ForumTests" */ = {
			isa = XCConfigurationList;
			buildConfigurations = (
				36131FC1299DD07E002C1DF4 /* Debug */,
				36131FC2299DD07E002C1DF4 /* Release */,
			);
			defaultConfigurationIsVisible = 0;
			defaultConfigurationName = Release;
		};
		36131FC3299DD07E002C1DF4 /* Build configuration list for PBXNativeTarget "ForumUITests" */ = {
			isa = XCConfigurationList;
			buildConfigurations = (
				36131FC4299DD07E002C1DF4 /* Debug */,
				36131FC5299DD07E002C1DF4 /* Release */,
			);
			defaultConfigurationIsVisible = 0;
			defaultConfigurationName = Release;
		};
/* End XCConfigurationList section */
	};
	rootObject = 36131F8B299DD07D002C1DF4 /* Project object */;
}
